Microsoft Visual Studio Solution File, Format Version 12.00
# Visual Studio Version 17
VisualStudioVersion = 17.10.35201.131
MinimumVisualStudioVersion = 10.0.40219.1
Project("{9A19103F-16F7-4668-BE54-9A1E7A4F7556}") = "Projeto.Base.Api", "Projeto.Base.Api\Projeto.Base.Api.csproj", "{38C9FC0F-D612-47E7-B256-E86F41B4E5EF}"
EndProject
Project("{9A19103F-16F7-4668-BE54-9A1E7A4F7556}") = "Projeto.Base.Application", "Projeto.Base.Application\Projeto.Base.Application.csproj", "{D7AEB2F0-46E1-4986-883D-A0023C3A3BA6}"
EndProject
Project("{9A19103F-16F7-4668-BE54-9A1E7A4F7556}") = "Projeto.Base.Domain", "Projeto.Base.Domain\Projeto.Base.Domain.csproj", "{2C59C013-8B0C-41C9-89F7-19BC0288B30B}"
EndProject
Project("{9A19103F-16F7-4668-BE54-9A1E7A4F7556}") = "Projeto.Base.Tests", "Projeto.Base.Tests\Projeto.Base.Tests.csproj", "{BA105862-60F6-4AE9-8D04-C902D85FC94D}"
EndProject
Project("{2150E333-8FDC-42A3-9474-1A3956D46DE8}") = "1 - Api", "1 - Api", "{D09637A2-12F7-47E0-A816-FDD8B26B16F2}"
EndProject
Project("{2150E333-8FDC-42A3-9474-1A3956D46DE8}") = "2 - Application", "2 - Application", "{2BDDD62D-F328-463A-9F71-1765A30B988F}"
EndProject
Project("{2150E333-8FDC-42A3-9474-1A3956D46DE8}") = "3 - Domain", "3 - Domain", "{84DF6799-C6EE-41E0-89B8-F348198BD841}"
EndProject
Project("{2150E333-8FDC-42A3-9474-1A3956D46DE8}") = "4 - Infra", "4 - Infra", "{FF91021C-57BF-4BC4-81A0-0022555C9E33}"
EndProject
Project("{2150E333-8FDC-42A3-9474-1A3956D46DE8}") = "99 - Tests", "99 - Tests", "{3D1D57C4-1711-4963-B826-67BB44CB38DF}"
EndProject
Project("{2150E333-8FDC-42A3-9474-1A3956D46DE8}") = "4.3 - Ioc", "4.3 - Ioc", "{D1489929-5236-485E-9571-3D9C9198F355}"
EndProject
Project("{2150E333-8FDC-42A3-9474-1A3956D46DE8}") = "4.2 - ExternalServices", "4.2 - ExternalServices", "{85925C0B-D813-4DCD-98C7-4366CF7DC68B}"
EndProject
Project("{9A19103F-16F7-4668-BE54-9A1E7A4F7556}") = "Projeto.Base.Infra.ExternalService", "Projeto.Base.Infra.ExternalService\Projeto.Base.Infra.ExternalService.csproj", "{E8F651E6-275A-4E0E-BD73-AF977C6A3EAA}"
EndProject
Project("{9A19103F-16F7-4668-BE54-9A1E7A4F7556}") = "Projeto.Base.Infra.IoC", "Projeto.Base.Infra.IoC\Projeto.Base.Infra.IoC.csproj", "{0429BE45-0E7F-4D48-9835-AFA4F0558E45}"
EndProject
Project("{2150E333-8FDC-42A3-9474-1A3956D46DE8}") = "4.4 - Security", "4.4 - Security", "{D499FBC0-6B04-470A-803B-FAC1664CF842}"
EndProject
Project("{FAE04EC0-301F-11D3-BF4B-00C04F79EFBC}") = "Projeto.Base.Infra.Security", "Projeto.Base.Infra.Security\Projeto.Base.Infra.Security.csproj", "{8ED795EA-B146-4A03-A1C0-545CB578D477}"
EndProject
Project("{2150E333-8FDC-42A3-9474-1A3956D46DE8}") = "4.1 - CrossCutting", "4.1 - CrossCutting", "{02EA681E-C7D8-13C7-8484-4AC65E1B71E8}"
EndProject
Project("{FAE04EC0-301F-11D3-BF4B-00C04F79EFBC}") = "Projeto.Base.Infra.CrossCutting", "Projeto.Base.Infra.CrossCutting\Projeto.Base.Infra.CrossCutting.csproj", "{4CE36551-C50A-440B-9472-CC0C2B7FA264}"
EndProject
Global
	GlobalSection(SolutionConfigurationPlatforms) = preSolution
		Debug|Any CPU = Debug|Any CPU
		Release|Any CPU = Release|Any CPU
	EndGlobalSection
	GlobalSection(ProjectConfigurationPlatforms) = postSolution
		{38C9FC0F-D612-47E7-B256-E86F41B4E5EF}.Debug|Any CPU.ActiveCfg = Debug|Any CPU
		{38C9FC0F-D612-47E7-B256-E86F41B4E5EF}.Debug|Any CPU.Build.0 = Debug|Any CPU
		{38C9FC0F-D612-47E7-B256-E86F41B4E5EF}.Release|Any CPU.ActiveCfg = Release|Any CPU
		{38C9FC0F-D612-47E7-B256-E86F41B4E5EF}.Release|Any CPU.Build.0 = Release|Any CPU
		{D7AEB2F0-46E1-4986-883D-A0023C3A3BA6}.Debug|Any CPU.ActiveCfg = Debug|Any CPU
		{D7AEB2F0-46E1-4986-883D-A0023C3A3BA6}.Debug|Any CPU.Build.0 = Debug|Any CPU
		{D7AEB2F0-46E1-4986-883D-A0023C3A3BA6}.Release|Any CPU.ActiveCfg = Release|Any CPU
		{D7AEB2F0-46E1-4986-883D-A0023C3A3BA6}.Release|Any CPU.Build.0 = Release|Any CPU
		{2C59C013-8B0C-41C9-89F7-19BC0288B30B}.Debug|Any CPU.ActiveCfg = Debug|Any CPU
		{2C59C013-8B0C-41C9-89F7-19BC0288B30B}.Debug|Any CPU.Build.0 = Debug|Any CPU
		{2C59C013-8B0C-41C9-89F7-19BC0288B30B}.Release|Any CPU.ActiveCfg = Release|Any CPU
		{2C59C013-8B0C-41C9-89F7-19BC0288B30B}.Release|Any CPU.Build.0 = Release|Any CPU
		{BA105862-60F6-4AE9-8D04-C902D85FC94D}.Debug|Any CPU.ActiveCfg = Debug|Any CPU
		{BA105862-60F6-4AE9-8D04-C902D85FC94D}.Debug|Any CPU.Build.0 = Debug|Any CPU
		{BA105862-60F6-4AE9-8D04-C902D85FC94D}.Release|Any CPU.ActiveCfg = Release|Any CPU
		{BA105862-60F6-4AE9-8D04-C902D85FC94D}.Release|Any CPU.Build.0 = Release|Any CPU
		{E8F651E6-275A-4E0E-BD73-AF977C6A3EAA}.Debug|Any CPU.ActiveCfg = Debug|Any CPU
		{E8F651E6-275A-4E0E-BD73-AF977C6A3EAA}.Debug|Any CPU.Build.0 = Debug|Any CPU
		{E8F651E6-275A-4E0E-BD73-AF977C6A3EAA}.Release|Any CPU.ActiveCfg = Release|Any CPU
		{E8F651E6-275A-4E0E-BD73-AF977C6A3EAA}.Release|Any CPU.Build.0 = Release|Any CPU
		{0429BE45-0E7F-4D48-9835-AFA4F0558E45}.Debug|Any CPU.ActiveCfg = Debug|Any CPU
		{0429BE45-0E7F-4D48-9835-AFA4F0558E45}.Debug|Any CPU.Build.0 = Debug|Any CPU
		{0429BE45-0E7F-4D48-9835-AFA4F0558E45}.Release|Any CPU.ActiveCfg = Release|Any CPU
		{0429BE45-0E7F-4D48-9835-AFA4F0558E45}.Release|Any CPU.Build.0 = Release|Any CPU
		{8ED795EA-B146-4A03-A1C0-545CB578D477}.Debug|Any CPU.ActiveCfg = Debug|Any CPU
		{8ED795EA-B146-4A03-A1C0-545CB578D477}.Debug|Any CPU.Build.0 = Debug|Any CPU
		{8ED795EA-B146-4A03-A1C0-545CB578D477}.Release|Any CPU.ActiveCfg = Release|Any CPU
		{8ED795EA-B146-4A03-A1C0-545CB578D477}.Release|Any CPU.Build.0 = Release|Any CPU
		{4CE36551-C50A-440B-9472-CC0C2B7FA264}.Debug|Any CPU.ActiveCfg = Debug|Any CPU
		{4CE36551-C50A-440B-9472-CC0C2B7FA264}.Debug|Any CPU.Build.0 = Debug|Any CPU
		{4CE36551-C50A-440B-9472-CC0C2B7FA264}.Release|Any CPU.ActiveCfg = Release|Any CPU
		{4CE36551-C50A-440B-9472-CC0C2B7FA264}.Release|Any CPU.Build.0 = Release|Any CPU
	EndGlobalSection
	GlobalSection(SolutionProperties) = preSolution
		HideSolutionNode = FALSE
	EndGlobalSection
	GlobalSection(NestedProjects) = preSolution
		{38C9FC0F-D612-47E7-B256-E86F41B4E5EF} = {D09637A2-12F7-47E0-A816-FDD8B26B16F2}
		{D7AEB2F0-46E1-4986-883D-A0023C3A3BA6} = {2BDDD62D-F328-463A-9F71-1765A30B988F}
		{2C59C013-8B0C-41C9-89F7-19BC0288B30B} = {84DF6799-C6EE-41E0-89B8-F348198BD841}
		{BA105862-60F6-4AE9-8D04-C902D85FC94D} = {3D1D57C4-1711-4963-B826-67BB44CB38DF}
		{D1489929-5236-485E-9571-3D9C9198F355} = {FF91021C-57BF-4BC4-81A0-0022555C9E33}
		{85925C0B-D813-4DCD-98C7-4366CF7DC68B} = {FF91021C-57BF-4BC4-81A0-0022555C9E33}
		{E8F651E6-275A-4E0E-BD73-AF977C6A3EAA} = {85925C0B-D813-4DCD-98C7-4366CF7DC68B}
		{0429BE45-0E7F-4D48-9835-AFA4F0558E45} = {D1489929-5236-485E-9571-3D9C9198F355}
		{D499FBC0-6B04-470A-803B-FAC1664CF842} = {FF91021C-57BF-4BC4-81A0-0022555C9E33}
		{8ED795EA-B146-4A03-A1C0-545CB578D477} = {D499FBC0-6B04-470A-803B-FAC1664CF842}
		{02EA681E-C7D8-13C7-8484-4AC65E1B71E8} = {FF91021C-57BF-4BC4-81A0-0022555C9E33}
		{4CE36551-C50A-440B-9472-CC0C2B7FA264} = {02EA681E-C7D8-13C7-8484-4AC65E1B71E8}
	EndGlobalSection
	GlobalSection(ExtensibilityGlobals) = postSolution
		SolutionGuid = {34631166-0019-4E55-AB8C-88F586BAC591}
	EndGlobalSection
EndGlobal
